
Microsoft Visual Studio Solution File, Format Version 12.00
# Visual Studio Version 16
VisualStudioVersion = 16.0.31005.135
MinimumVisualStudioVersion = 10.0.40219.1
Project("{FAE04EC0-301F-11D3-BF4B-00C04F79EFBC}") = "assignment 2 - Tanto", "assignment 2 - Tanto\assignment 2 - Tanto.csproj", "{7DFB8E59-C115-4C3F-9904-C4EC158A7374}"
EndProject
Global
	GlobalSection(SolutionConfigurationPlatforms) = preSolution
		Debug|Any CPU = Debug|Any CPU
		Release|Any CPU = Release|Any CPU
	EndGlobalSection
	GlobalSection(ProjectConfigurationPlatforms) = postSolution
		{7DFB8E59-C115-4C3F-9904-C4EC158A7374}.Debug|Any CPU.ActiveCfg = Debug|Any CPU
		{7DFB8E59-C115-4C3F-9904-C4EC158A7374}.Debug|Any CPU.Build.0 = Debug|Any CPU
		{7DFB8E59-C115-4C3F-9904-C4EC158A7374}.Release|Any CPU.ActiveCfg = Release|Any CPU
		{7DFB8E59-C115-4C3F-9904-C4EC158A7374}.Release|Any CPU.Build.0 = Release|Any CPU
	EndGlobalSection
	GlobalSection(SolutionProperties) = preSolution
		HideSolutionNode = FALSE
	EndGlobalSection
	GlobalSection(ExtensibilityGlobals) = postSolution
		SolutionGuid = {78160F91-6B10-4DC6-B1B9-5F130E0F769F}
	EndGlobalSection
EndGlobal
